
Microsoft Visual Studio Solution File, Format Version 12.00
# Visual Studio 15
Project("{FAE04EC0-301F-11D3-BF4B-00C04F79EFBC}") = "ASP.NET_CORE_PractSite", "ASP.NET_CORE_PractSite.csproj", "{B7264B6C-9C3D-492C-BD56-FE2B27AE8F50}"
EndProject
Global
	GlobalSection(SolutionConfigurationPlatforms) = preSolution
		Debug|Any CPU = Debug|Any CPU
		Release|Any CPU = Release|Any CPU
	EndGlobalSection
	GlobalSection(ProjectConfigurationPlatforms) = postSolution
		{B7264B6C-9C3D-492C-BD56-FE2B27AE8F50}.Debug|Any CPU.ActiveCfg = Debug|Any CPU
		{B7264B6C-9C3D-492C-BD56-FE2B27AE8F50}.Debug|Any CPU.Build.0 = Debug|Any CPU
		{B7264B6C-9C3D-492C-BD56-FE2B27AE8F50}.Release|Any CPU.ActiveCfg = Release|Any CPU
		{B7264B6C-9C3D-492C-BD56-FE2B27AE8F50}.Release|Any CPU.Build.0 = Release|Any CPU
	EndGlobalSection
EndGlobal
